// !$*UTF8*$!
{
	archiveVersion = 1;
	classes = {
	};
	objectVersion = 56;
	objects = {

/* Begin PBXBuildFile section */
		42E9BB1C2BCE473000B677B0 /* AppDelegate.swift in Sources */ = {isa = PBXBuildFile; fileRef = 42E9BB1B2BCE473000B677B0 /* AppDelegate.swift */; };
		42E9BB1E2BCE473000B677B0 /* SceneDelegate.swift in Sources */ = {isa = PBXBuildFile; fileRef = 42E9BB1D2BCE473000B677B0 /* SceneDelegate.swift */; };
		42E9BB202BCE473000B677B0 /* HomeViewController.swift in Sources */ = {isa = PBXBuildFile; fileRef = 42E9BB1F2BCE473000B677B0 /* HomeViewController.swift */; };
		42E9BB232BCE473000B677B0 /* Main.storyboard in Resources */ = {isa = PBXBuildFile; fileRef = 42E9BB212BCE473000B677B0 /* Main.storyboard */; };
		42E9BB252BCE473100B677B0 /* Assets.xcassets in Resources */ = {isa = PBXBuildFile; fileRef = 42E9BB242BCE473100B677B0 /* Assets.xcassets */; };
		42E9BB282BCE473100B677B0 /* LaunchScreen.storyboard in Resources */ = {isa = PBXBuildFile; fileRef = 42E9BB262BCE473100B677B0 /* LaunchScreen.storyboard */; };
		42E9BB302BCE490C00B677B0 /* ImageCollectionCell.swift in Sources */ = {isa = PBXBuildFile; fileRef = 42E9BB2F2BCE490C00B677B0 /* ImageCollectionCell.swift */; };
		42E9BB322BCE49A400B677B0 /* ImageCollectionCell.xib in Resources */ = {isa = PBXBuildFile; fileRef = 42E9BB312BCE49A400B677B0 /* ImageCollectionCell.xib */; };
		42E9BB342BCE57C400B677B0 /* ImageResponse.swift in Sources */ = {isa = PBXBuildFile; fileRef = 42E9BB332BCE57C400B677B0 /* ImageResponse.swift */; };
		42E9BB362BCE589600B677B0 /* ImageService.swift in Sources */ = {isa = PBXBuildFile; fileRef = 42E9BB352BCE589600B677B0 /* ImageService.swift */; };
		42E9BB382BD0050200B677B0 /* Reachability.swift in Sources */ = {isa = PBXBuildFile; fileRef = 42E9BB372BD0050200B677B0 /* Reachability.swift */; };
		42E9BB3A2BD005CA00B677B0 /* CustomError.swift in Sources */ = {isa = PBXBuildFile; fileRef = 42E9BB392BD005CA00B677B0 /* CustomError.swift */; };
		42E9BB3C2BD0392A00B677B0 /* ImageLoader.swift in Sources */ = {isa = PBXBuildFile; fileRef = 42E9BB3B2BD0392A00B677B0 /* ImageLoader.swift */; };
		42E9BB422BD0CB7200B677B0 /* HomeViewModel.swift in Sources */ = {isa = PBXBuildFile; fileRef = 42E9BB412BD0CB7200B677B0 /* HomeViewModel.swift */; };
/* End PBXBuildFile section */

/* Begin PBXFileReference section */
		42E9BB182BCE473000B677B0 /* AcharyaPrashant.app */ = {isa = PBXFileReference; explicitFileType = wrapper.application; includeInIndex = 0; path = AcharyaPrashant.app; sourceTree = BUILT_PRODUCTS_DIR; };
		42E9BB1B2BCE473000B677B0 /* AppDelegate.swift */ = {isa = PBXFileReference; lastKnownFileType = sourcecode.swift; path = AppDelegate.swift; sourceTree = "<group>"; };
		42E9BB1D2BCE473000B677B0 /* SceneDelegate.swift */ = {isa = PBXFileReference; lastKnownFileType = sourcecode.swift; path = SceneDelegate.swift; sourceTree = "<group>"; };
		42E9BB1F2BCE473000B677B0 /* HomeViewController.swift */ = {isa = PBXFileReference; lastKnownFileType = sourcecode.swift; path = HomeViewController.swift; sourceTree = "<group>"; };
		42E9BB222BCE473000B677B0 /* Base */ = {isa = PBXFileReference; lastKnownFileType = file.storyboard; name = Base; path = Base.lproj/Main.storyboard; sourceTree = "<group>"; };
		42E9BB242BCE473100B677B0 /* Assets.xcassets */ = {isa = PBXFileReference; lastKnownFileType = folder.assetcatalog; path = Assets.xcassets; sourceTree = "<group>"; };
		42E9BB272BCE473100B677B0 /* Base */ = {isa = PBXFileReference; lastKnownFileType = file.storyboard; name = Base; path = Base.lproj/LaunchScreen.storyboard; sourceTree = "<group>"; };
		42E9BB292BCE473100B677B0 /* Info.plist */ = {isa = PBXFileReference; lastKnownFileType = text.plist.xml; path = Info.plist; sourceTree = "<group>"; };
		42E9BB2F2BCE490C00B677B0 /* ImageCollectionCell.swift */ = {isa = PBXFileReference; lastKnownFileType = sourcecode.swift; path = ImageCollectionCell.swift; sourceTree = "<group>"; };
		42E9BB312BCE49A400B677B0 /* ImageCollectionCell.xib */ = {isa = PBXFileReference; lastKnownFileType = file.xib; path = ImageCollectionCell.xib; sourceTree = "<group>"; };
		42E9BB332BCE57C400B677B0 /* ImageResponse.swift */ = {isa = PBXFileReference; lastKnownFileType = sourcecode.swift; path = ImageResponse.swift; sourceTree = "<group>"; };
		42E9BB352BCE589600B677B0 /* ImageService.swift */ = {isa = PBXFileReference; lastKnownFileType = sourcecode.swift; path = ImageService.swift; sourceTree = "<group>"; };
		42E9BB372BD0050200B677B0 /* Reachability.swift */ = {isa = PBXFileReference; lastKnownFileType = sourcecode.swift; path = Reachability.swift; sourceTree = "<group>"; };
		42E9BB392BD005CA00B677B0 /* CustomError.swift */ = {isa = PBXFileReference; lastKnownFileType = sourcecode.swift; path = CustomError.swift; sourceTree = "<group>"; };
		42E9BB3B2BD0392A00B677B0 /* ImageLoader.swift */ = {isa = PBXFileReference; lastKnownFileType = sourcecode.swift; path = ImageLoader.swift; sourceTree = "<group>"; };
		42E9BB412BD0CB7200B677B0 /* HomeViewModel.swift */ = {isa = PBXFileReference; lastKnownFileType = sourcecode.swift; path = HomeViewModel.swift; sourceTree = "<group>"; };
/* End PBXFileReference section */

/* Begin PBXFrameworksBuildPhase section */
		42E9BB152BCE473000B677B0 /* Frameworks */ = {
			isa = PBXFrameworksBuildPhase;
			buildActionMask = 2147483647;
			files = (
			);
			runOnlyForDeploymentPostprocessing = 0;
		};
/* End PBXFrameworksBuildPhase section */

/* Begin PBXGroup section */
		42E9BB0F2BCE473000B677B0 = {
			isa = PBXGroup;
			children = (
				42E9BB1A2BCE473000B677B0 /* AcharyaPrashant */,
				42E9BB192BCE473000B677B0 /* Products */,
			);
			sourceTree = "<group>";
		};
		42E9BB192BCE473000B677B0 /* Products */ = {
			isa = PBXGroup;
			children = (
				42E9BB182BCE473000B677B0 /* AcharyaPrashant.app */,
			);
			name = Products;
			sourceTree = "<group>";
		};
		42E9BB1A2BCE473000B677B0 /* AcharyaPrashant */ = {
			isa = PBXGroup;
			children = (
				42E9BB1B2BCE473000B677B0 /* AppDelegate.swift */,
				42E9BB1D2BCE473000B677B0 /* SceneDelegate.swift */,
				42E9BB492BD0DEC800B677B0 /* Service */,
				42E9BB432BD0DDE200B677B0 /* Controller */,
				42E9BB442BD0DE1100B677B0 /* Cell */,
				42E9BB462BD0DE7800B677B0 /* Model */,
				42E9BB4B2BD0DEEB00B677B0 /* Utility */,
				42E9BB4A2BD0DEDE00B677B0 /* Error */,
				42E9BB472BD0DE8D00B677B0 /* ImageCache */,
				42E9BB482BD0DE9E00B677B0 /* ViewModel */,
				42E9BB212BCE473000B677B0 /* Main.storyboard */,
				42E9BB242BCE473100B677B0 /* Assets.xcassets */,
				42E9BB262BCE473100B677B0 /* LaunchScreen.storyboard */,
				42E9BB292BCE473100B677B0 /* Info.plist */,
			);
			path = AcharyaPrashant;
			sourceTree = "<group>";
		};
		42E9BB432BD0DDE200B677B0 /* Controller */ = {
			isa = PBXGroup;
			children = (
				42E9BB1F2BCE473000B677B0 /* HomeViewController.swift */,
			);
			path = Controller;
			sourceTree = "<group>";
		};
		42E9BB442BD0DE1100B677B0 /* Cell */ = {
			isa = PBXGroup;
			children = (
				42E9BB2F2BCE490C00B677B0 /* ImageCollectionCell.swift */,
				42E9BB312BCE49A400B677B0 /* ImageCollectionCell.xib */,
			);
			path = Cell;
			sourceTree = "<group>";
		};
		42E9BB462BD0DE7800B677B0 /* Model */ = {
			isa = PBXGroup;
			children = (
				42E9BB332BCE57C400B677B0 /* ImageResponse.swift */,
			);
			path = Model;
			sourceTree = "<group>";
		};
		42E9BB472BD0DE8D00B677B0 /* ImageCache */ = {
			isa = PBXGroup;
			children = (
				42E9BB3B2BD0392A00B677B0 /* ImageLoader.swift */,
			);
			path = ImageCache;
			sourceTree = "<group>";
		};
		42E9BB482BD0DE9E00B677B0 /* ViewModel */ = {
			isa = PBXGroup;
			children = (
				42E9BB412BD0CB7200B677B0 /* HomeViewModel.swift */,
			);
			path = ViewModel;
			sourceTree = "<group>";
		};
		42E9BB492BD0DEC800B677B0 /* Service */ = {
			isa = PBXGroup;
			children = (
				42E9BB352BCE589600B677B0 /* ImageService.swift */,
			);
			path = Service;
			sourceTree = "<group>";
		};
		42E9BB4A2BD0DEDE00B677B0 /* Error */ = {
			isa = PBXGroup;
			children = (
				42E9BB392BD005CA00B677B0 /* CustomError.swift */,
			);
			path = Error;
			sourceTree = "<group>";
		};
		42E9BB4B2BD0DEEB00B677B0 /* Utility */ = {
			isa = PBXGroup;
			children = (
				42E9BB372BD0050200B677B0 /* Reachability.swift */,
			);
			path = Utility;
			sourceTree = "<group>";
		};
/* End PBXGroup section */

/* Begin PBXNativeTarget section */
		42E9BB172BCE473000B677B0 /* AcharyaPrashant */ = {
			isa = PBXNativeTarget;
			buildConfigurationList = 42E9BB2C2BCE473100B677B0 /* Build configuration list for PBXNativeTarget "AcharyaPrashant" */;
			buildPhases = (
				42E9BB142BCE473000B677B0 /* Sources */,
				42E9BB152BCE473000B677B0 /* Frameworks */,
				42E9BB162BCE473000B677B0 /* Resources */,
			);
			buildRules = (
			);
			dependencies = (
			);
			name = AcharyaPrashant;
			productName = AcharyaPrashant;
			productReference = 42E9BB182BCE473000B677B0 /* AcharyaPrashant.app */;
			productType = "com.apple.product-type.application";
		};
/* End PBXNativeTarget section */

/* Begin PBXProject section */
		42E9BB102BCE473000B677B0 /* Project object */ = {
			isa = PBXProject;
			attributes = {
				BuildIndependentTargetsInParallel = 1;
				LastSwiftUpdateCheck = 1500;
				LastUpgradeCheck = 1500;
				TargetAttributes = {
					42E9BB172BCE473000B677B0 = {
						CreatedOnToolsVersion = 15.0;
					};
				};
			};
			buildConfigurationList = 42E9BB132BCE473000B677B0 /* Build configuration list for PBXProject "AcharyaPrashant" */;
			compatibilityVersion = "Xcode 14.0";
			developmentRegion = en;
			hasScannedForEncodings = 0;
			knownRegions = (
				en,
				Base,
			);
			mainGroup = 42E9BB0F2BCE473000B677B0;
			productRefGroup = 42E9BB192BCE473000B677B0 /* Products */;
			projectDirPath = "";
			projectRoot = "";
			targets = (
				42E9BB172BCE473000B677B0 /* AcharyaPrashant */,
			);
		};
/* End PBXProject section */

/* Begin PBXResourcesBuildPhase section */
		42E9BB162BCE473000B677B0 /* Resources */ = {
			isa = PBXResourcesBuildPhase;
			buildActionMask = 2147483647;
			files = (
				42E9BB282BCE473100B677B0 /* LaunchScreen.storyboard in Resources */,
				42E9BB252BCE473100B677B0 /* Assets.xcassets in Resources */,
				42E9BB232BCE473000B677B0 /* Main.storyboard in Resources */,
				42E9BB322BCE49A400B677B0 /* ImageCollectionCell.xib in Resources */,
			);
			runOnlyForDeploymentPostprocessing = 0;
		};
/* End PBXResourcesBuildPhase section */

/* Begin PBXSourcesBuildPhase section */
		42E9BB142BCE473000B677B0 /* Sources */ = {
			isa = PBXSourcesBuildPhase;
			buildActionMask = 2147483647;
			files = (
				42E9BB382BD0050200B677B0 /* Reachability.swift in Sources */,
				42E9BB3A2BD005CA00B677B0 /* CustomError.swift in Sources */,
				42E9BB202BCE473000B677B0 /* HomeViewController.swift in Sources */,
				42E9BB422BD0CB7200B677B0 /* HomeViewModel.swift in Sources */,
				42E9BB3C2BD0392A00B677B0 /* ImageLoader.swift in Sources */,
				42E9BB362BCE589600B677B0 /* ImageService.swift in Sources */,
				42E9BB1C2BCE473000B677B0 /* AppDelegate.swift in Sources */,
				42E9BB342BCE57C400B677B0 /* ImageResponse.swift in Sources */,
				42E9BB1E2BCE473000B677B0 /* SceneDelegate.swift in Sources */,
				42E9BB302BCE490C00B677B0 /* ImageCollectionCell.swift in Sources */,
			);
			runOnlyForDeploymentPostprocessing = 0;
		};
/* End PBXSourcesBuildPhase section */

/* Begin PBXVariantGroup section */
		42E9BB212BCE473000B677B0 /* Main.storyboard */ = {
			isa = PBXVariantGroup;
			children = (
				42E9BB222BCE473000B677B0 /* Base */,
			);
			name = Main.storyboard;
			sourceTree = "<group>";
		};
		42E9BB262BCE473100B677B0 /* LaunchScreen.storyboard */ = {
			isa = PBXVariantGroup;
			children = (
				42E9BB272BCE473100B677B0 /* Base */,
			);
			name = LaunchScreen.storyboard;
			sourceTree = "<group>";
		};
/* End PBXVariantGroup section */

/* Begin XCBuildConfiguration section */
		42E9BB2A2BCE473100B677B0 /* Debug */ = {
			isa = XCBuildConfiguration;
			buildSettings = {
				ALWAYS_SEARCH_USER_PATHS = NO;
				ASSETCATALOG_COMPILER_GENERATE_SWIFT_ASSET_SYMBOL_EXTENSIONS = YES;
				CLANG_ANALYZER_NONNULL = YES;
				CLANG_ANALYZER_NUMBER_OBJECT_CONVERSION = YES_AGGRESSIVE;
				CLANG_CXX_LANGUAGE_STANDARD = "gnu++20";
				CLANG_ENABLE_MODULES = YES;
				CLANG_ENABLE_OBJC_ARC = YES;
				CLANG_ENABLE_OBJC_WEAK = YES;
				CLANG_WARN_BLOCK_CAPTURE_AUTORELEASING = YES;
				CLANG_WARN_BOOL_CONVERSION = YES;
				CLANG_WARN_COMMA = YES;
				CLANG_WARN_CONSTANT_CONVERSION = YES;
				CLANG_WARN_DEPRECATED_OBJC_IMPLEMENTATIONS = YES;
				CLANG_WARN_DIRECT_OBJC_ISA_USAGE = YES_ERROR;
				CLANG_WARN_DOCUMENTATION_COMMENTS = YES;
				CLANG_WARN_EMPTY_BODY = YES;
				CLANG_WARN_ENUM_CONVERSION = YES;
				CLANG_WARN_INFINITE_RECURSION = YES;
				CLANG_WARN_INT_CONVERSION = YES;
				CLANG_WARN_NON_LITERAL_NULL_CONVERSION = YES;
				CLANG_WARN_OBJC_IMPLICIT_RETAIN_SELF = YES;
				CLANG_WARN_OBJC_LITERAL_CONVERSION = YES;
				CLANG_WARN_OBJC_ROOT_CLASS = YES_ERROR;
				CLANG_WARN_QUOTED_INCLUDE_IN_FRAMEWORK_HEADER = YES;
				CLANG_WARN_RANGE_LOOP_ANALYSIS = YES;
				CLANG_WARN_STRICT_PROTOTYPES = YES;
				CLANG_WARN_SUSPICIOUS_MOVE = YES;
				CLANG_WARN_UNGUARDED_AVAILABILITY = YES_AGGRESSIVE;
				CLANG_WARN_UNREACHABLE_CODE = YES;
				CLANG_WARN__DUPLICATE_METHOD_MATCH = YES;
				COPY_PHASE_STRIP = NO;
				DEBUG_INFORMATION_FORMAT = dwarf;
				ENABLE_STRICT_OBJC_MSGSEND = YES;
				ENABLE_TESTABILITY = YES;
				ENABLE_USER_SCRIPT_SANDBOXING = YES;
				GCC_C_LANGUAGE_STANDARD = gnu17;
				GCC_DYNAMIC_NO_PIC = NO;
				GCC_NO_COMMON_BLOCKS = YES;
				GCC_OPTIMIZATION_LEVEL = 0;
				GCC_PREPROCESSOR_DEFINITIONS = (
					"DEBUG=1",
					"$(inherited)",
				);
				GCC_WARN_64_TO_32_BIT_CONVERSION = YES;
				GCC_WARN_ABOUT_RETURN_TYPE = YES_ERROR;
				GCC_WARN_UNDECLARED_SELECTOR = YES;
				GCC_WARN_UNINITIALIZED_AUTOS = YES_AGGRESSIVE;
				GCC_WARN_UNUSED_FUNCTION = YES;
				GCC_WARN_UNUSED_VARIABLE = YES;
				IPHONEOS_DEPLOYMENT_TARGET = 17.0;
				LOCALIZATION_PREFERS_STRING_CATALOGS = YES;
				MTL_ENABLE_DEBUG_INFO = INCLUDE_SOURCE;
				MTL_FAST_MATH = YES;
				ONLY_ACTIVE_ARCH = YES;
				SDKROOT = iphoneos;
				SWIFT_ACTIVE_COMPILATION_CONDITIONS = "DEBUG $(inherited)";
				SWIFT_OPTIMIZATION_LEVEL = "-Onone";
			};
			name = Debug;
		};
		42E9BB2B2BCE473100B677B0 /* Release */ = {
			isa = XCBuildConfiguration;
			buildSettings = {
				ALWAYS_SEARCH_USER_PATHS = NO;
				ASSETCATALOG_COMPILER_GENERATE_SWIFT_ASSET_SYMBOL_EXTENSIONS = YES;
				CLANG_ANALYZER_NONNULL = YES;
				CLANG_ANALYZER_NUMBER_OBJECT_CONVERSION = YES_AGGRESSIVE;
				CLANG_CXX_LANGUAGE_STANDARD = "gnu++20";
				CLANG_ENABLE_MODULES = YES;
				CLANG_ENABLE_OBJC_ARC = YES;
				CLANG_ENABLE_OBJC_WEAK = YES;
				CLANG_WARN_BLOCK_CAPTURE_AUTORELEASING = YES;
				CLANG_WARN_BOOL_CONVERSION = YES;
				CLANG_WARN_COMMA = YES;
				CLANG_WARN_CONSTANT_CONVERSION = YES;
				CLANG_WARN_DEPRECATED_OBJC_IMPLEMENTATIONS = YES;
				CLANG_WARN_DIRECT_OBJC_ISA_USAGE = YES_ERROR;
				CLANG_WARN_DOCUMENTATION_COMMENTS = YES;
				CLANG_WARN_EMPTY_BODY = YES;
				CLANG_WARN_ENUM_CONVERSION = YES;
				CLANG_WARN_INFINITE_RECURSION = YES;
				CLANG_WARN_INT_CONVERSION = YES;
				CLANG_WARN_NON_LITERAL_NULL_CONVERSION = YES;
				CLANG_WARN_OBJC_IMPLICIT_RETAIN_SELF = YES;
				CLANG_WARN_OBJC_LITERAL_CONVERSION = YES;
				CLANG_WARN_OBJC_ROOT_CLASS = YES_ERROR;
				CLANG_WARN_QUOTED_INCLUDE_IN_FRAMEWORK_HEADER = YES;
				CLANG_WARN_RANGE_LOOP_ANALYSIS = YES;
				CLANG_WARN_STRICT_PROTOTYPES = YES;
				CLANG_WARN_SUSPICIOUS_MOVE = YES;
				CLANG_WARN_UNGUARDED_AVAILABILITY = YES_AGGRESSIVE;
				CLANG_WARN_UNREACHABLE_CODE = YES;
				CLANG_WARN__DUPLICATE_METHOD_MATCH = YES;
				COPY_PHASE_STRIP = NO;
				DEBUG_INFORMATION_FORMAT = "dwarf-with-dsym";
				ENABLE_NS_ASSERTIONS = NO;
				ENABLE_STRICT_OBJC_MSGSEND = YES;
				ENABLE_USER_SCRIPT_SANDBOXING = YES;
				GCC_C_LANGUAGE_STANDARD = gnu17;
				GCC_NO_COMMON_BLOCKS = YES;
				GCC_WARN_64_TO_32_BIT_CONVERSION = YES;
				GCC_WARN_ABOUT_RETURN_TYPE = YES_ERROR;
				GCC_WARN_UNDECLARED_SELECTOR = YES;
				GCC_WARN_UNINITIALIZED_AUTOS = YES_AGGRESSIVE;
				GCC_WARN_UNUSED_FUNCTION = YES;
				GCC_WARN_UNUSED_VARIABLE = YES;
				IPHONEOS_DEPLOYMENT_TARGET = 17.0;
				LOCALIZATION_PREFERS_STRING_CATALOGS = YES;
				MTL_ENABLE_DEBUG_INFO = NO;
				MTL_FAST_MATH = YES;
				SDKROOT = iphoneos;
				SWIFT_COMPILATION_MODE = wholemodule;
				VALIDATE_PRODUCT = YES;
			};
			name = Release;
		};
		42E9BB2D2BCE473100B677B0 /* Debug */ = {
			isa = XCBuildConfiguration;
			buildSettings = {
				ASSETCATALOG_COMPILER_APPICON_NAME = AppIcon;
				ASSETCATALOG_COMPILER_GLOBAL_ACCENT_COLOR_NAME = AccentColor;
				CODE_SIGN_STYLE = Automatic;
				CURRENT_PROJECT_VERSION = 1;
				GENERATE_INFOPLIST_FILE = YES;
				INFOPLIST_FILE = AcharyaPrashant/Info.plist;
				INFOPLIST_KEY_UIApplicationSupportsIndirectInputEvents = YES;
				INFOPLIST_KEY_UILaunchStoryboardName = LaunchScreen;
				INFOPLIST_KEY_UIMainStoryboardFile = Main;
				INFOPLIST_KEY_UISupportedInterfaceOrientations_iPad = "UIInterfaceOrientationPortrait UIInterfaceOrientationPortraitUpsideDown UIInterfaceOrientationLandscapeLeft UIInterfaceOrientationLandscapeRight";
				INFOPLIST_KEY_UISupportedInterfaceOrientations_iPhone = "UIInterfaceOrientationPortrait UIInterfaceOrientationLandscapeLeft UIInterfaceOrientationLandscapeRight";
				LD_RUNPATH_SEARCH_PATHS = (
					"$(inherited)",
					"@executable_path/Frameworks",
				);
				MARKETING_VERSION = 1.0;
				PRODUCT_BUNDLE_IDENTIFIER = com.AjayAwasthi.AcharyaPrashant;
				PRODUCT_NAME = "$(TARGET_NAME)";
				SWIFT_EMIT_LOC_STRINGS = YES;
				SWIFT_VERSION = 5.0;
				TARGETED_DEVICE_FAMILY = "1,2";
			};
			name = Debug;
		};
		42E9BB2E2BCE473100B677B0 /* Release */ = {
			isa = XCBuildConfiguration;
			buildSettings = {
				ASSETCATALOG_COMPILER_APPICON_NAME = AppIcon;
				ASSETCATALOG_COMPILER_GLOBAL_ACCENT_COLOR_NAME = AccentColor;
				CODE_SIGN_STYLE = Automatic;
				CURRENT_PROJECT_VERSION = 1;
				GENERATE_INFOPLIST_FILE = YES;
				INFOPLIST_FILE = AcharyaPrashant/Info.plist;
				INFOPLIST_KEY_UIApplicationSupportsIndirectInputEvents = YES;
				INFOPLIST_KEY_UILaunchStoryboardName = LaunchScreen;
				INFOPLIST_KEY_UIMainStoryboardFile = Main;
				INFOPLIST_KEY_UISupportedInterfaceOrientations_iPad = "UIInterfaceOrientationPortrait UIInterfaceOrientationPortraitUpsideDown UIInterfaceOrientationLandscapeLeft UIInterfaceOrientationLandscapeRight";
				INFOPLIST_KEY_UISupportedInterfaceOrientations_iPhone = "UIInterfaceOrientationPortrait UIInterfaceOrientationLandscapeLeft UIInterfaceOrientationLandscapeRight";
				LD_RUNPATH_SEARCH_PATHS = (
					"$(inherited)",
					"@executable_path/Frameworks",
				);
				MARKETING_VERSION = 1.0;
				PRODUCT_BUNDLE_IDENTIFIER = com.AjayAwasthi.AcharyaPrashant;
				PRODUCT_NAME = "$(TARGET_NAME)";
				SWIFT_EMIT_LOC_STRINGS = YES;
				SWIFT_VERSION = 5.0;
				TARGETED_DEVICE_FAMILY = "1,2";
			};
			name = Release;
		};
/* End XCBuildConfiguration section */

/* Begin XCConfigurationList section */
		42E9BB132BCE473000B677B0 /* Build configuration list for PBXProject "AcharyaPrashant" */ = {
			isa = XCConfigurationList;
			buildConfigurations = (
				42E9BB2A2BCE473100B677B0 /* Debug */,
				42E9BB2B2BCE473100B677B0 /* Release */,
			);
			defaultConfigurationIsVisible = 0;
			defaultConfigurationName = Release;
		};
		42E9BB2C2BCE473100B677B0 /* Build configuration list for PBXNativeTarget "AcharyaPrashant" */ = {
			isa = XCConfigurationList;
			buildConfigurations = (
				42E9BB2D2BCE473100B677B0 /* Debug */,
				42E9BB2E2BCE473100B677B0 /* Release */,
			);
			defaultConfigurationIsVisible = 0;
			defaultConfigurationName = Release;
		};
/* End XCConfigurationList section */
	};
	rootObject = 42E9BB102BCE473000B677B0 /* Project object */;
}
